
Microsoft Visual Studio Solution File, Format Version 12.00
# Visual Studio Version 17
VisualStudioVersion = 17.6.33723.286
MinimumVisualStudioVersion = 10.0.40219.1
Project("{FAE04EC0-301F-11D3-BF4B-00C04F79EFBC}") = "JWT Token", "JWT Token.csproj", "{F7F77F52-D356-42D0-8D3D-FDFD4940D83E}"
EndProject
Global
	GlobalSection(SolutionConfigurationPlatforms) = preSolution
		Debug|Any CPU = Debug|Any CPU
		Release|Any CPU = Release|Any CPU
	EndGlobalSection
	GlobalSection(ProjectConfigurationPlatforms) = postSolution
		{F7F77F52-D356-42D0-8D3D-FDFD4940D83E}.Debug|Any CPU.ActiveCfg = Debug|Any CPU
		{F7F77F52-D356-42D0-8D3D-FDFD4940D83E}.Debug|Any CPU.Build.0 = Debug|Any CPU
		{F7F77F52-D356-42D0-8D3D-FDFD4940D83E}.Release|Any CPU.ActiveCfg = Release|Any CPU
		{F7F77F52-D356-42D0-8D3D-FDFD4940D83E}.Release|Any CPU.Build.0 = Release|Any CPU
	EndGlobalSection
	GlobalSection(SolutionProperties) = preSolution
		HideSolutionNode = FALSE
	EndGlobalSection
	GlobalSection(ExtensibilityGlobals) = postSolution
		SolutionGuid = {4F39D874-14D2-4C78-B539-A517074D8DA3}
	EndGlobalSection
EndGlobal
